# This file is autogenerated, do not edit; changes may be undone by the next 'dep ensure'.


[[projects]]
  branch = "master"
  name = "github.com/XanthusL/zset"
  packages = ["."]
  revision = "61d026b4085e2f1d475cbe9b162a15cc7c2a2ce2"

[solve-meta]
  analyzer-name = "dep"
  analyzer-version = 1
  inputs-digest = "1609fdd91873a538d6e7d5fbea6894cf5f6e329f03368595e8ca037ef0ea3733"
  solver-name = "gps-cdcl"
  solver-version = 1
