# This file is autogenerated, do not edit; changes may be undone by the next 'dep ensure'.


[[projects]]
  branch = "master"
  name = "github.com/XanthusL/zset"
  packages = ["."]
  revision = "8d126d1611586094967aa0d9fb96eb6a7a1d1395"

[solve-meta]
  analyzer-name = "dep"
  analyzer-version = 1
  inputs-digest = "9dba3e9f3bfb009743789c7af0f828ae4ba6fb3680ecc6af82ddf27853836cc3"
  solver-name = "gps-cdcl"
  solver-version = 1
